
Microsoft Visual Studio Solution File, Format Version 12.00
# Visual Studio Version 17
VisualStudioVersion = 17.0.31612.314
MinimumVisualStudioVersion = 10.0.40219.1
Project("{FAE04EC0-301F-11D3-BF4B-00C04F79EFBC}") = "p31task2", "p31task2\p31task2.csproj", "{B074B68A-02B9-4796-8DFF-A0F4F1E693A7}"
EndProject
Global
	GlobalSection(SolutionConfigurationPlatforms) = preSolution
		Debug|Any CPU = Debug|Any CPU
		Release|Any CPU = Release|Any CPU
	EndGlobalSection
	GlobalSection(ProjectConfigurationPlatforms) = postSolution
		{B074B68A-02B9-4796-8DFF-A0F4F1E693A7}.Debug|Any CPU.ActiveCfg = Debug|Any CPU
		{B074B68A-02B9-4796-8DFF-A0F4F1E693A7}.Debug|Any CPU.Build.0 = Debug|Any CPU
		{B074B68A-02B9-4796-8DFF-A0F4F1E693A7}.Release|Any CPU.ActiveCfg = Release|Any CPU
		{B074B68A-02B9-4796-8DFF-A0F4F1E693A7}.Release|Any CPU.Build.0 = Release|Any CPU
	EndGlobalSection
	GlobalSection(SolutionProperties) = preSolution
		HideSolutionNode = FALSE
	EndGlobalSection
	GlobalSection(ExtensibilityGlobals) = postSolution
		SolutionGuid = {B70EF3A3-AC50-4DEC-9631-AFFDE8B9D13F}
	EndGlobalSection
EndGlobal
