
Microsoft Visual Studio Solution File, Format Version 12.00
# Visual Studio Version 16
VisualStudioVersion = 16.0.30907.101
MinimumVisualStudioVersion = 10.0.40219.1
Project("{FAE04EC0-301F-11D3-BF4B-00C04F79EFBC}") = "AdminConsole", "AdminConsole\AdminConsole.csproj", "{C68B5A10-A37B-49E9-B9A6-1C08575394AC}"
EndProject
Project("{FAE04EC0-301F-11D3-BF4B-00C04F79EFBC}") = "UserConsole", "UserConsole\UserConsole.csproj", "{2C67F65F-F348-45AD-A9C3-4EDE985C04B4}"
EndProject
Project("{FAE04EC0-301F-11D3-BF4B-00C04F79EFBC}") = "MyPharmacy", "MyPharmacy\MyPharmacy.csproj", "{8FDCF921-0ECB-48FE-87C5-B03C5F624AFF}"
EndProject
Global
	GlobalSection(SolutionConfigurationPlatforms) = preSolution
		Debug|Any CPU = Debug|Any CPU
		Release|Any CPU = Release|Any CPU
	EndGlobalSection
	GlobalSection(ProjectConfigurationPlatforms) = postSolution
		{C68B5A10-A37B-49E9-B9A6-1C08575394AC}.Debug|Any CPU.ActiveCfg = Debug|Any CPU
		{C68B5A10-A37B-49E9-B9A6-1C08575394AC}.Debug|Any CPU.Build.0 = Debug|Any CPU
		{C68B5A10-A37B-49E9-B9A6-1C08575394AC}.Release|Any CPU.ActiveCfg = Release|Any CPU
		{C68B5A10-A37B-49E9-B9A6-1C08575394AC}.Release|Any CPU.Build.0 = Release|Any CPU
		{2C67F65F-F348-45AD-A9C3-4EDE985C04B4}.Debug|Any CPU.ActiveCfg = Debug|Any CPU
		{2C67F65F-F348-45AD-A9C3-4EDE985C04B4}.Debug|Any CPU.Build.0 = Debug|Any CPU
		{2C67F65F-F348-45AD-A9C3-4EDE985C04B4}.Release|Any CPU.ActiveCfg = Release|Any CPU
		{2C67F65F-F348-45AD-A9C3-4EDE985C04B4}.Release|Any CPU.Build.0 = Release|Any CPU
		{8FDCF921-0ECB-48FE-87C5-B03C5F624AFF}.Debug|Any CPU.ActiveCfg = Debug|Any CPU
		{8FDCF921-0ECB-48FE-87C5-B03C5F624AFF}.Debug|Any CPU.Build.0 = Debug|Any CPU
		{8FDCF921-0ECB-48FE-87C5-B03C5F624AFF}.Release|Any CPU.ActiveCfg = Release|Any CPU
		{8FDCF921-0ECB-48FE-87C5-B03C5F624AFF}.Release|Any CPU.Build.0 = Release|Any CPU
	EndGlobalSection
	GlobalSection(SolutionProperties) = preSolution
		HideSolutionNode = FALSE
	EndGlobalSection
	GlobalSection(ExtensibilityGlobals) = postSolution
		SolutionGuid = {A34005C2-1E1B-4BBB-B299-D2279403A3E5}
	EndGlobalSection
EndGlobal
