<?xml version="1.0" encoding="utf-8"?>
<Project ToolsVersion="4.0" xmlns="http://schemas.microsoft.com/developer/msbuild/2003">
  <ItemGroup>
    <Filter Include="menus">
      <UniqueIdentifier>{CDB4EC0F-39C9-14C1-024B-B8206E1E11F2}</UniqueIdentifier>
    </Filter>
  </ItemGroup>
  <ItemGroup>
    <ClInclude Include="src\menus\BaseMenu.h">
      <Filter>menus</Filter>
    </ClInclude>
    <ClInclude Include="src\menus\CosmeticsMenu.h">
      <Filter>menus</Filter>
    </ClInclude>
    <ClInclude Include="src\menus\MainMenu.h">
      <Filter>menus</Filter>
    </ClInclude>
    <ClInclude Include="src\menus\MedicinesMenu.h">
      <Filter>menus</Filter>
    </ClInclude>
  </ItemGroup>
  <ItemGroup>
    <ClCompile Include="src\main.cpp" />
    <ClCompile Include="src\menus\BaseMenu.cpp">
      <Filter>menus</Filter>
    </ClCompile>
    <ClCompile Include="src\menus\CosmeticsMenu.cpp">
      <Filter>menus</Filter>
    </ClCompile>
    <ClCompile Include="src\menus\MainMenu.cpp">
      <Filter>menus</Filter>
    </ClCompile>
    <ClCompile Include="src\menus\MedicinesMenu.cpp">
      <Filter>menus</Filter>
    </ClCompile>
  </ItemGroup>
</Project>