
Microsoft Visual Studio Solution File, Format Version 12.00
# Visual Studio Version 16
VisualStudioVersion = 16.0.30907.101
MinimumVisualStudioVersion = 10.0.40219.1
Project("{FAE04EC0-301F-11D3-BF4B-00C04F79EFBC}") = "MyWikipediaTask3", "MyWikipediaTask3\MyWikipediaTask3.csproj", "{2C0B2577-CD09-4947-8841-09EECF4C40B0}"
EndProject
Project("{FAE04EC0-301F-11D3-BF4B-00C04F79EFBC}") = "WinApp", "WinApp\WinApp.csproj", "{973E22ED-0A15-49F1-9DC7-C4AAA5476415}"
EndProject
Global
	GlobalSection(SolutionConfigurationPlatforms) = preSolution
		Debug|Any CPU = Debug|Any CPU
		Release|Any CPU = Release|Any CPU
	EndGlobalSection
	GlobalSection(ProjectConfigurationPlatforms) = postSolution
		{2C0B2577-CD09-4947-8841-09EECF4C40B0}.Debug|Any CPU.ActiveCfg = Debug|Any CPU
		{2C0B2577-CD09-4947-8841-09EECF4C40B0}.Debug|Any CPU.Build.0 = Debug|Any CPU
		{2C0B2577-CD09-4947-8841-09EECF4C40B0}.Release|Any CPU.ActiveCfg = Release|Any CPU
		{2C0B2577-CD09-4947-8841-09EECF4C40B0}.Release|Any CPU.Build.0 = Release|Any CPU
		{973E22ED-0A15-49F1-9DC7-C4AAA5476415}.Debug|Any CPU.ActiveCfg = Debug|Any CPU
		{973E22ED-0A15-49F1-9DC7-C4AAA5476415}.Debug|Any CPU.Build.0 = Debug|Any CPU
		{973E22ED-0A15-49F1-9DC7-C4AAA5476415}.Release|Any CPU.ActiveCfg = Release|Any CPU
		{973E22ED-0A15-49F1-9DC7-C4AAA5476415}.Release|Any CPU.Build.0 = Release|Any CPU
	EndGlobalSection
	GlobalSection(SolutionProperties) = preSolution
		HideSolutionNode = FALSE
	EndGlobalSection
	GlobalSection(ExtensibilityGlobals) = postSolution
		SolutionGuid = {EFE3E8DF-59C1-4B09-889E-363D77490BD2}
	EndGlobalSection
EndGlobal
