<?xml version="1.0" encoding="utf-8"?>
<Project ToolsVersion="4.0" xmlns="http://schemas.microsoft.com/developer/msbuild/2003">
  <ItemGroup>
    <Filter Include="src">
      <UniqueIdentifier>{2DAB880B-99B4-887C-2230-9F7C8E38947C}</UniqueIdentifier>
    </Filter>
    <Filter Include="src\products">
      <UniqueIdentifier>{708AA95A-5CED-38FF-0573-71B5F1B40482}</UniqueIdentifier>
    </Filter>
    <Filter Include="src\tables">
      <UniqueIdentifier>{D725E77A-C3DD-28C8-2CE5-012418BCC3B8}</UniqueIdentifier>
    </Filter>
    <Filter Include="tablefiles">
      <UniqueIdentifier>{C0CA6D0B-AC82-AF58-158A-88B401614A49}</UniqueIdentifier>
    </Filter>
  </ItemGroup>
  <ItemGroup>
    <ClInclude Include="src\Database.h">
      <Filter>src</Filter>
    </ClInclude>
    <ClInclude Include="src\MyPharmacy.h">
      <Filter>src</Filter>
    </ClInclude>
    <ClInclude Include="src\TablesRepository.h">
      <Filter>src</Filter>
    </ClInclude>
    <ClInclude Include="src\products\BaseProduct.h">
      <Filter>src\products</Filter>
    </ClInclude>
    <ClInclude Include="src\products\CartProduct.h">
      <Filter>src\products</Filter>
    </ClInclude>
    <ClInclude Include="src\products\CosmeticsProduct.h">
      <Filter>src\products</Filter>
    </ClInclude>
    <ClInclude Include="src\products\MedicinesProduct.h">
      <Filter>src\products</Filter>
    </ClInclude>
    <ClInclude Include="src\tables\BaseTable.h">
      <Filter>src\tables</Filter>
    </ClInclude>
    <ClInclude Include="src\tables\CartTable.h">
      <Filter>src\tables</Filter>
    </ClInclude>
    <ClInclude Include="src\tables\CosmeticsTable.h">
      <Filter>src\tables</Filter>
    </ClInclude>
    <ClInclude Include="src\tables\MedicinesTable.h">
      <Filter>src\tables</Filter>
    </ClInclude>
  </ItemGroup>
  <ItemGroup>
    <ClCompile Include="src\Database.cpp">
      <Filter>src</Filter>
    </ClCompile>
    <ClCompile Include="src\TablesRepository.cpp">
      <Filter>src</Filter>
    </ClCompile>
    <ClCompile Include="src\products\CartProduct.cpp">
      <Filter>src\products</Filter>
    </ClCompile>
    <ClCompile Include="src\products\CosmeticsProduct.cpp">
      <Filter>src\products</Filter>
    </ClCompile>
    <ClCompile Include="src\products\MedicinesProduct.cpp">
      <Filter>src\products</Filter>
    </ClCompile>
    <ClCompile Include="src\tables\CartTable.cpp">
      <Filter>src\tables</Filter>
    </ClCompile>
    <ClCompile Include="src\tables\CosmeticsTable.cpp">
      <Filter>src\tables</Filter>
    </ClCompile>
    <ClCompile Include="src\tables\MedicinesTable.cpp">
      <Filter>src\tables</Filter>
    </ClCompile>
  </ItemGroup>
  <ItemGroup>
    <None Include="tablefiles\cartTable.txt">
      <Filter>tablefiles</Filter>
    </None>
    <None Include="tablefiles\cosmeticsTable.txt">
      <Filter>tablefiles</Filter>
    </None>
    <None Include="tablefiles\medicinesTable.txt">
      <Filter>tablefiles</Filter>
    </None>
  </ItemGroup>
</Project>